
Microsoft Visual Studio Solution File, Format Version 12.00
# Visual Studio Version 17
VisualStudioVersion = 17.0.32014.148
MinimumVisualStudioVersion = 10.0.40219.1
Project("{FAE04EC0-301F-11D3-BF4B-00C04F79EFBC}") = "WebApplication1", "WebApplication1.csproj", "{B9F2D8AC-D6B7-4055-AD4B-2F0C2E4C304F}"
EndProject
Global
	GlobalSection(SolutionConfigurationPlatforms) = preSolution
		Debug|Any CPU = Debug|Any CPU
		Release|Any CPU = Release|Any CPU
	EndGlobalSection
	GlobalSection(ProjectConfigurationPlatforms) = postSolution
		{B9F2D8AC-D6B7-4055-AD4B-2F0C2E4C304F}.Debug|Any CPU.ActiveCfg = Debug|Any CPU
		{B9F2D8AC-D6B7-4055-AD4B-2F0C2E4C304F}.Debug|Any CPU.Build.0 = Debug|Any CPU
		{B9F2D8AC-D6B7-4055-AD4B-2F0C2E4C304F}.Release|Any CPU.ActiveCfg = Release|Any CPU
		{B9F2D8AC-D6B7-4055-AD4B-2F0C2E4C304F}.Release|Any CPU.Build.0 = Release|Any CPU
	EndGlobalSection
	GlobalSection(SolutionProperties) = preSolution
		HideSolutionNode = FALSE
	EndGlobalSection
	GlobalSection(ExtensibilityGlobals) = postSolution
		SolutionGuid = {C7513D2B-6566-4FCE-810D-69E50943BD7A}
	EndGlobalSection
EndGlobal
